
Microsoft Visual Studio Solution File, Format Version 12.00
# Visual Studio Version 16
VisualStudioVersion = 16.0.28803.202
MinimumVisualStudioVersion = 10.0.40219.1
Project("{FAE04EC0-301F-11D3-BF4B-00C04F79EFBC}") = "SkrugaDBTest", "SkrugaDBTest\SkrugaDBTest.csproj", "{64196CC4-92E0-4B4E-A09E-38D702E24D21}"
EndProject
Project("{FAE04EC0-301F-11D3-BF4B-00C04F79EFBC}") = "USqlCSharpUdoSample", "MyCircleSquareTest\USqlCSharpUdoSample\USqlCSharpUdoSample.csproj", "{B1A2CBDE-1496-40B5-9286-F97A41F2CB50}"
EndProject
Project("{9A19103F-16F7-4668-BE54-9A1E7A4F7556}") = "CircleSquareTest", "CircleSquareTest\CircleSquareTest.csproj", "{A1DFC829-0BE5-44B7-9890-422A19F27C83}"
EndProject
Project("{FAE04EC0-301F-11D3-BF4B-00C04F79EFBC}") = "CircleSquare.UnitTest", "CircleSquare.UnitTest\CircleSquare.UnitTest.csproj", "{14A389A7-51BB-4AA7-A03A-7BDE6FADF4F4}"
EndProject
Global
	GlobalSection(SolutionConfigurationPlatforms) = preSolution
		Debug|Any CPU = Debug|Any CPU
		Release|Any CPU = Release|Any CPU
	EndGlobalSection
	GlobalSection(ProjectConfigurationPlatforms) = postSolution
		{64196CC4-92E0-4B4E-A09E-38D702E24D21}.Debug|Any CPU.ActiveCfg = Debug|Any CPU
		{64196CC4-92E0-4B4E-A09E-38D702E24D21}.Debug|Any CPU.Build.0 = Debug|Any CPU
		{64196CC4-92E0-4B4E-A09E-38D702E24D21}.Release|Any CPU.ActiveCfg = Release|Any CPU
		{64196CC4-92E0-4B4E-A09E-38D702E24D21}.Release|Any CPU.Build.0 = Release|Any CPU
		{B1A2CBDE-1496-40B5-9286-F97A41F2CB50}.Debug|Any CPU.ActiveCfg = Debug|Any CPU
		{B1A2CBDE-1496-40B5-9286-F97A41F2CB50}.Debug|Any CPU.Build.0 = Debug|Any CPU
		{B1A2CBDE-1496-40B5-9286-F97A41F2CB50}.Release|Any CPU.ActiveCfg = Release|Any CPU
		{B1A2CBDE-1496-40B5-9286-F97A41F2CB50}.Release|Any CPU.Build.0 = Release|Any CPU
		{A1DFC829-0BE5-44B7-9890-422A19F27C83}.Debug|Any CPU.ActiveCfg = Debug|Any CPU
		{A1DFC829-0BE5-44B7-9890-422A19F27C83}.Debug|Any CPU.Build.0 = Debug|Any CPU
		{A1DFC829-0BE5-44B7-9890-422A19F27C83}.Release|Any CPU.ActiveCfg = Release|Any CPU
		{A1DFC829-0BE5-44B7-9890-422A19F27C83}.Release|Any CPU.Build.0 = Release|Any CPU
		{14A389A7-51BB-4AA7-A03A-7BDE6FADF4F4}.Debug|Any CPU.ActiveCfg = Debug|Any CPU
		{14A389A7-51BB-4AA7-A03A-7BDE6FADF4F4}.Debug|Any CPU.Build.0 = Debug|Any CPU
		{14A389A7-51BB-4AA7-A03A-7BDE6FADF4F4}.Release|Any CPU.ActiveCfg = Release|Any CPU
		{14A389A7-51BB-4AA7-A03A-7BDE6FADF4F4}.Release|Any CPU.Build.0 = Release|Any CPU
	EndGlobalSection
	GlobalSection(SolutionProperties) = preSolution
		HideSolutionNode = FALSE
	EndGlobalSection
	GlobalSection(ExtensibilityGlobals) = postSolution
		SolutionGuid = {CC671013-3011-482D-8A59-24F020A2A4FF}
	EndGlobalSection
EndGlobal
